
Microsoft Visual Studio Solution File, Format Version 12.00
# Visual Studio Version 17
VisualStudioVersion = 17.6.33723.286
MinimumVisualStudioVersion = 10.0.40219.1
Project("{FAE04EC0-301F-11D3-BF4B-00C04F79EFBC}") = "Zadanie3.2", "Zadanie3.2.csproj", "{B212DF33-64D2-4034-8D08-FBDA8685D6D6}"
EndProject
Global
	GlobalSection(SolutionConfigurationPlatforms) = preSolution
		Debug|Any CPU = Debug|Any CPU
		Release|Any CPU = Release|Any CPU
	EndGlobalSection
	GlobalSection(ProjectConfigurationPlatforms) = postSolution
		{B212DF33-64D2-4034-8D08-FBDA8685D6D6}.Debug|Any CPU.ActiveCfg = Debug|Any CPU
		{B212DF33-64D2-4034-8D08-FBDA8685D6D6}.Debug|Any CPU.Build.0 = Debug|Any CPU
		{B212DF33-64D2-4034-8D08-FBDA8685D6D6}.Release|Any CPU.ActiveCfg = Release|Any CPU
		{B212DF33-64D2-4034-8D08-FBDA8685D6D6}.Release|Any CPU.Build.0 = Release|Any CPU
	EndGlobalSection
	GlobalSection(SolutionProperties) = preSolution
		HideSolutionNode = FALSE
	EndGlobalSection
	GlobalSection(ExtensibilityGlobals) = postSolution
		SolutionGuid = {B478A464-7998-4A39-806E-F109F556F876}
	EndGlobalSection
EndGlobal
